
Microsoft Visual Studio Solution File, Format Version 12.00
# Visual Studio Version 17
VisualStudioVersion = 17.9.34728.123
MinimumVisualStudioVersion = 10.0.40219.1
Project("{9A19103F-16F7-4668-BE54-9A1E7A4F7556}") = "Entidades", "Entidades\Entidades.csproj", "{50460C73-636B-4045-8A0C-E0C576A50C1A}"
EndProject
Project("{9A19103F-16F7-4668-BE54-9A1E7A4F7556}") = "TestEntidades", "EncargadoTest\TestEntidades.csproj", "{6D7140C8-10A5-42A2-BDEB-33A331CB87BF}"
EndProject
Project("{9A19103F-16F7-4668-BE54-9A1E7A4F7556}") = "RestoranConsoleApp", "RestoranAplicacionConsola\RestoranConsoleApp.csproj", "{56C58F77-B95E-45FA-AFC8-FE456E3F5569}"
EndProject
Project("{9A19103F-16F7-4668-BE54-9A1E7A4F7556}") = "Negocio", "Negocio\Negocio.csproj", "{CD70630C-67BF-481D-9BA4-5A656CCEE177}"
EndProject
Project("{FAE04EC0-301F-11D3-BF4B-00C04F79EFBC}") = "RestaurantFormsApp", "RestaurantFormsApp\RestaurantFormsApp.csproj", "{F1F78030-DF9B-4676-8729-B9705F58458A}"
EndProject
Global
	GlobalSection(SolutionConfigurationPlatforms) = preSolution
		Debug|Any CPU = Debug|Any CPU
		Release|Any CPU = Release|Any CPU
	EndGlobalSection
	GlobalSection(ProjectConfigurationPlatforms) = postSolution
		{50460C73-636B-4045-8A0C-E0C576A50C1A}.Debug|Any CPU.ActiveCfg = Debug|Any CPU
		{50460C73-636B-4045-8A0C-E0C576A50C1A}.Debug|Any CPU.Build.0 = Debug|Any CPU
		{50460C73-636B-4045-8A0C-E0C576A50C1A}.Release|Any CPU.ActiveCfg = Release|Any CPU
		{50460C73-636B-4045-8A0C-E0C576A50C1A}.Release|Any CPU.Build.0 = Release|Any CPU
		{6D7140C8-10A5-42A2-BDEB-33A331CB87BF}.Debug|Any CPU.ActiveCfg = Debug|Any CPU
		{6D7140C8-10A5-42A2-BDEB-33A331CB87BF}.Debug|Any CPU.Build.0 = Debug|Any CPU
		{6D7140C8-10A5-42A2-BDEB-33A331CB87BF}.Release|Any CPU.ActiveCfg = Release|Any CPU
		{6D7140C8-10A5-42A2-BDEB-33A331CB87BF}.Release|Any CPU.Build.0 = Release|Any CPU
		{56C58F77-B95E-45FA-AFC8-FE456E3F5569}.Debug|Any CPU.ActiveCfg = Debug|Any CPU
		{56C58F77-B95E-45FA-AFC8-FE456E3F5569}.Debug|Any CPU.Build.0 = Debug|Any CPU
		{56C58F77-B95E-45FA-AFC8-FE456E3F5569}.Release|Any CPU.ActiveCfg = Release|Any CPU
		{56C58F77-B95E-45FA-AFC8-FE456E3F5569}.Release|Any CPU.Build.0 = Release|Any CPU
		{CD70630C-67BF-481D-9BA4-5A656CCEE177}.Debug|Any CPU.ActiveCfg = Debug|Any CPU
		{CD70630C-67BF-481D-9BA4-5A656CCEE177}.Debug|Any CPU.Build.0 = Debug|Any CPU
		{CD70630C-67BF-481D-9BA4-5A656CCEE177}.Release|Any CPU.ActiveCfg = Release|Any CPU
		{CD70630C-67BF-481D-9BA4-5A656CCEE177}.Release|Any CPU.Build.0 = Release|Any CPU
		{F1F78030-DF9B-4676-8729-B9705F58458A}.Debug|Any CPU.ActiveCfg = Debug|Any CPU
		{F1F78030-DF9B-4676-8729-B9705F58458A}.Debug|Any CPU.Build.0 = Debug|Any CPU
		{F1F78030-DF9B-4676-8729-B9705F58458A}.Release|Any CPU.ActiveCfg = Release|Any CPU
		{F1F78030-DF9B-4676-8729-B9705F58458A}.Release|Any CPU.Build.0 = Release|Any CPU
	EndGlobalSection
	GlobalSection(SolutionProperties) = preSolution
		HideSolutionNode = FALSE
	EndGlobalSection
	GlobalSection(ExtensibilityGlobals) = postSolution
		SolutionGuid = {F93AAE28-4DC6-448D-AD2D-8E5AE6CC3790}
	EndGlobalSection
EndGlobal
